symfony c2480c1e73879593ef6b88571fc733ada5a26bba
twig f43cc520d6abb3868d36a3011874afbf13166317
monolog b704c49a3051536f67f2d39f13568f74615b9922
doctrine-common b886898821288d305862ee9c567cc5b5cbb4c0dc
doctrine-dbal 148a049df448af9772259e69a034e51c0c080805
doctrine e1647229cd2544bd77f10620e1b95a5781c4a733
doctrine-fixtures 64538135ef2b17a296e26f88a04c7ce2e4551459
DoctrineFixturesBundle 479f10d068bd0b01e055aa2f555946893322b79c
DoctrineExtensions f3b75e0fa19b8559b76128fc3f50ecf3bb4306f0
DoctrineExtensionsbundle f141a698d65271a18d86469c1f7b29d7e24170dd
swiftmailer 982b4c9498b7dd85e70f6d35e65d909c888e6345
assetic 4aeef88b7908510d0bcbbde357f0adf470534ed8
twig-extensions feb6d3f10c411e2631997c0a905aa581c80305c1
metadata 30c622cad82e39a6856b981a9bfb9df06b3cc067
SensioFrameworkExtraBundle 891359252711c424d5da8cac9fa1e757450a6db2
JMSSecurityExtraBundle e752f888c51425f71382c056961f10f2be642102
JMSAopBundle 431569cae2005e42fe502a55165a7b1fb9593bf3
cg-library 3aaa205ed3ae000950d3f641b00a19ad137a89f3
SensioDistributionBundle 41a6c5caed65f02bb09c95a90579f047616471fd
SensioGeneratorBundle c0118ce370f8da20e43051f2dd1ae331a202ab9c
AsseticBundle 41b5913b5086a0909af92adcb4a6005ee0051b16
Imagine ea555767c851236f31ee1e048b4cd51f448cab2e
AvalancheImagineBundle 4faa253231cb42a231311eaa314e88479517be1a
PagerFantaBundle c490684def33e992241e7fad33bcbd03d9d18643
WhiteOctoberPagerFantaBundle 40209ef994fa2f342660d96bf6bea3f88171cd2d