symfony c2480c1e73879593ef6b88571fc733ada5a26bba
twig f43cc520d6abb3868d36a3011874afbf13166317
monolog b704c49a3051536f67f2d39f13568f74615b9922
doctrine-common b886898821288d305862ee9c567cc5b5cbb4c0dc
doctrine-dbal 148a049df448af9772259e69a034e51c0c080805
doctrine e1647229cd2544bd77f10620e1b95a5781c4a733
doctrine-fixtures 181b71e9a19bcdc93a9bf5c19dc0ef9615656173
DoctrineFixturesBundle 479f10d068bd0b01e055aa2f555946893322b79c
DoctrineExtensions fbf4a3ea7b2b561d90923878083ef5140a7952fb
DoctrineExtensionsbundle 41d9399e56868f82f871723a1842b5f2053e2e24
swiftmailer 982b4c9498b7dd85e70f6d35e65d909c888e6345
assetic 4aeef88b7908510d0bcbbde357f0adf470534ed8
twig-extensions dcdff02fbac1282e6b8f4d0558cc7e9580105688
metadata 30c622cad82e39a6856b981a9bfb9df06b3cc067
SensioFrameworkExtraBundle 85911039aca2ef39805640d9238c7157d8c30d2e
JMSSecurityExtraBundle e752f888c51425f71382c056961f10f2be642102
JMSAopBundle 10d792414676c68545d9280b0fd2f01e79b4ce7f
cg-library 26b7bbb1e3e57c45dffd16bbd9fd74b6a901f56b
SensioDistributionBundle 41a6c5caed65f02bb09c95a90579f047616471fd
SensioGeneratorBundle c0118ce370f8da20e43051f2dd1ae331a202ab9c
AsseticBundle 41b5913b5086a0909af92adcb4a6005ee0051b16
Imagine 2da3004b1201649598377c1aa5b24f9788abe83f
AvalancheImagineBundle 99dcd24525fd9cdc379e1eab4257349f181aa8c3
PagerFantaBundle 12f71d99457b018fb80746f84514dd5b495c5789
WhiteOctoberPagerFantaBundle 40209ef994fa2f342660d96bf6bea3f88171cd2d