symfony 7cb402d806a9615cf8bcafcfd049da00914b45f8
twig 396435ecd05556adb0a8bd05b14641cb4f8a8aa5
monolog 433b98d4218c181bae01865901aac045585e8a1a
doctrine-common 174111c8d245d560e1af4c7455b730347f85686d
doctrine-dbal 54f474b3c321676ceadbe4288396902405d87756
doctrine 05d12e20be58ab4d5fa403c5bd6ac06d1fce97e5
doctrine-fixtures 76f8221609129651937f52553f3e1b2bd915fd3e
DoctrineFixturesBundle a66be2f077f3a4e5c3801b356b42b8782f1abbd6
swiftmailer 1f273a7cd466a2dd82e59431dd5ce15f36996688
assetic 3333d371c4511abcdec7bad86e15ac2be3b10f03
twig-extensions eba4f5d572bec05c72a47bbd73ba0a3330cf8f54
metadata d3bd50faa568aa3300fdacdb98ae5dca1f902d46
SensioFrameworkExtraBundle 9b9194a47effc66b08d44ae110b982352119ca17
JMSSecurityExtraBundle c4a8b26ade5bd45e545bee9efa404df63e6fbda9
JMSAopBundle 16106fc6297a6257f5860af4c5099bba4a859128
cg-library 07dc64df71b926ec12e9c50c8860fe8b7818b81b
SensioDistributionBundle 2082cb99d408fd89243059c6eff866347ec00bbe
SensioGeneratorBundle 88ecf05691825c81b6a19ca6e2dc1849f1a5dcd4
AsseticBundle 9c1b7269a4517d1ae94af2dc0d6d6fc4b31e6c10
Imagine cba67ff50904e5dab01f50aabb1dda892026ff26
AvalancheImagineBundle 1b7d587ba84a0d3505493acc9608a47aa203632f
PagerFantaBundle df2255cea8fcf812415ee1a8e315a6d2e944536a
WhiteOctoberPagerFantaBundle 3c660273cbd609baae92e2c9d8b39cbbaa0dd3eb